// !$*UTF8*$!
{
	archiveVersion = 1;
	classes = {
	};
	objectVersion = 55;
	objects = {

/* Begin PBXBuildFile section */
		2CD072F92798407B0000AFA8 /* AppDelegate.swift in Sources */ = {isa = PBXBuildFile; fileRef = 2CD072F82798407B0000AFA8 /* AppDelegate.swift */; };
		2CD072FB2798407B0000AFA8 /* SceneDelegate.swift in Sources */ = {isa = PBXBuildFile; fileRef = 2CD072FA2798407B0000AFA8 /* SceneDelegate.swift */; };
		2CD073002798407B0000AFA8 /* Main.storyboard in Resources */ = {isa = PBXBuildFile; fileRef = 2CD072FE2798407B0000AFA8 /* Main.storyboard */; };
		2CD073022798407C0000AFA8 /* Assets.xcassets in Resources */ = {isa = PBXBuildFile; fileRef = 2CD073012798407C0000AFA8 /* Assets.xcassets */; };
		2CD073052798407C0000AFA8 /* LaunchScreen.storyboard in Resources */ = {isa = PBXBuildFile; fileRef = 2CD073032798407C0000AFA8 /* LaunchScreen.storyboard */; };
		2CD07325279841340000AFA8 /* spain@2x.png in Resources */ = {isa = PBXBuildFile; fileRef = 2CD0730D279841340000AFA8 /* spain@2x.png */; };
		2CD07326279841340000AFA8 /* nigeria@2x.png in Resources */ = {isa = PBXBuildFile; fileRef = 2CD0730E279841340000AFA8 /* nigeria@2x.png */; };
		2CD07327279841340000AFA8 /* nigeria@3x.png in Resources */ = {isa = PBXBuildFile; fileRef = 2CD0730F279841340000AFA8 /* nigeria@3x.png */; };
		2CD07328279841340000AFA8 /* spain@3x.png in Resources */ = {isa = PBXBuildFile; fileRef = 2CD07310279841340000AFA8 /* spain@3x.png */; };
		2CD07329279841340000AFA8 /* italy@3x.png in Resources */ = {isa = PBXBuildFile; fileRef = 2CD07311279841340000AFA8 /* italy@3x.png */; };
		2CD0732A279841340000AFA8 /* ireland@2x.png in Resources */ = {isa = PBXBuildFile; fileRef = 2CD07312279841340000AFA8 /* ireland@2x.png */; };
		2CD0732B279841340000AFA8 /* germany@3x.png in Resources */ = {isa = PBXBuildFile; fileRef = 2CD07313279841340000AFA8 /* germany@3x.png */; };
		2CD0732C279841340000AFA8 /* germany@2x.png in Resources */ = {isa = PBXBuildFile; fileRef = 2CD07314279841340000AFA8 /* germany@2x.png */; };
		2CD0732D279841340000AFA8 /* ireland@3x.png in Resources */ = {isa = PBXBuildFile; fileRef = 2CD07315279841340000AFA8 /* ireland@3x.png */; };
		2CD0732E279841340000AFA8 /* italy@2x.png in Resources */ = {isa = PBXBuildFile; fileRef = 2CD07316279841340000AFA8 /* italy@2x.png */; };
		2CD0732F279841340000AFA8 /* poland@2x.png in Resources */ = {isa = PBXBuildFile; fileRef = 2CD07317279841340000AFA8 /* poland@2x.png */; };
		2CD07330279841340000AFA8 /* russia@2x.png in Resources */ = {isa = PBXBuildFile; fileRef = 2CD07318279841340000AFA8 /* russia@2x.png */; };
		2CD07331279841340000AFA8 /* estonia@2x.png in Resources */ = {isa = PBXBuildFile; fileRef = 2CD07319279841340000AFA8 /* estonia@2x.png */; };
		2CD07332279841340000AFA8 /* estonia@3x.png in Resources */ = {isa = PBXBuildFile; fileRef = 2CD0731A279841340000AFA8 /* estonia@3x.png */; };
		2CD07333279841340000AFA8 /* russia@3x.png in Resources */ = {isa = PBXBuildFile; fileRef = 2CD0731B279841340000AFA8 /* russia@3x.png */; };
		2CD07334279841340000AFA8 /* poland@3x.png in Resources */ = {isa = PBXBuildFile; fileRef = 2CD0731C279841340000AFA8 /* poland@3x.png */; };
		2CD07335279841340000AFA8 /* uk@3x.png in Resources */ = {isa = PBXBuildFile; fileRef = 2CD0731D279841340000AFA8 /* uk@3x.png */; };
		2CD07336279841340000AFA8 /* us@3x.png in Resources */ = {isa = PBXBuildFile; fileRef = 2CD0731E279841340000AFA8 /* us@3x.png */; };
		2CD07337279841340000AFA8 /* france@3x.png in Resources */ = {isa = PBXBuildFile; fileRef = 2CD0731F279841340000AFA8 /* france@3x.png */; };
		2CD07338279841340000AFA8 /* monaco@2x.png in Resources */ = {isa = PBXBuildFile; fileRef = 2CD07320279841340000AFA8 /* monaco@2x.png */; };
		2CD07339279841340000AFA8 /* monaco@3x.png in Resources */ = {isa = PBXBuildFile; fileRef = 2CD07321279841340000AFA8 /* monaco@3x.png */; };
		2CD0733A279841340000AFA8 /* france@2x.png in Resources */ = {isa = PBXBuildFile; fileRef = 2CD07322279841340000AFA8 /* france@2x.png */; };
		2CD0733B279841340000AFA8 /* us@2x.png in Resources */ = {isa = PBXBuildFile; fileRef = 2CD07323279841340000AFA8 /* us@2x.png */; };
		2CD0733C279841340000AFA8 /* uk@2x.png in Resources */ = {isa = PBXBuildFile; fileRef = 2CD07324279841340000AFA8 /* uk@2x.png */; };
		2CD0733E279841CB0000AFA8 /* ViewController.swift in Sources */ = {isa = PBXBuildFile; fileRef = 2CD0733D279841CB0000AFA8 /* ViewController.swift */; };
		2CD07340279842B10000AFA8 /* DetailViewController.swift in Sources */ = {isa = PBXBuildFile; fileRef = 2CD0733F279842B10000AFA8 /* DetailViewController.swift */; };
/* End PBXBuildFile section */

/* Begin PBXFileReference section */
		2CD072F52798407B0000AFA8 /* CountriesAndFlags.app */ = {isa = PBXFileReference; explicitFileType = wrapper.application; includeInIndex = 0; path = CountriesAndFlags.app; sourceTree = BUILT_PRODUCTS_DIR; };
		2CD072F82798407B0000AFA8 /* AppDelegate.swift */ = {isa = PBXFileReference; lastKnownFileType = sourcecode.swift; path = AppDelegate.swift; sourceTree = "<group>"; };
		2CD072FA2798407B0000AFA8 /* SceneDelegate.swift */ = {isa = PBXFileReference; lastKnownFileType = sourcecode.swift; path = SceneDelegate.swift; sourceTree = "<group>"; };
		2CD072FF2798407B0000AFA8 /* Base */ = {isa = PBXFileReference; lastKnownFileType = file.storyboard; name = Base; path = Base.lproj/Main.storyboard; sourceTree = "<group>"; };
		2CD073012798407C0000AFA8 /* Assets.xcassets */ = {isa = PBXFileReference; lastKnownFileType = folder.assetcatalog; path = Assets.xcassets; sourceTree = "<group>"; };
		2CD073042798407C0000AFA8 /* Base */ = {isa = PBXFileReference; lastKnownFileType = file.storyboard; name = Base; path = Base.lproj/LaunchScreen.storyboard; sourceTree = "<group>"; };
		2CD073062798407C0000AFA8 /* Info.plist */ = {isa = PBXFileReference; lastKnownFileType = text.plist.xml; path = Info.plist; sourceTree = "<group>"; };
		2CD0730D279841340000AFA8 /* spain@2x.png */ = {isa = PBXFileReference; lastKnownFileType = image.png; path = "spain@2x.png"; sourceTree = "<group>"; };
		2CD0730E279841340000AFA8 /* nigeria@2x.png */ = {isa = PBXFileReference; lastKnownFileType = image.png; path = "nigeria@2x.png"; sourceTree = "<group>"; };
		2CD0730F279841340000AFA8 /* nigeria@3x.png */ = {isa = PBXFileReference; lastKnownFileType = image.png; path = "nigeria@3x.png"; sourceTree = "<group>"; };
		2CD07310279841340000AFA8 /* spain@3x.png */ = {isa = PBXFileReference; lastKnownFileType = image.png; path = "spain@3x.png"; sourceTree = "<group>"; };
		2CD07311279841340000AFA8 /* italy@3x.png */ = {isa = PBXFileReference; lastKnownFileType = image.png; path = "italy@3x.png"; sourceTree = "<group>"; };
		2CD07312279841340000AFA8 /* ireland@2x.png */ = {isa = PBXFileReference; lastKnownFileType = image.png; path = "ireland@2x.png"; sourceTree = "<group>"; };
		2CD07313279841340000AFA8 /* germany@3x.png */ = {isa = PBXFileReference; lastKnownFileType = image.png; path = "germany@3x.png"; sourceTree = "<group>"; };
		2CD07314279841340000AFA8 /* germany@2x.png */ = {isa = PBXFileReference; lastKnownFileType = image.png; path = "germany@2x.png"; sourceTree = "<group>"; };
		2CD07315279841340000AFA8 /* ireland@3x.png */ = {isa = PBXFileReference; lastKnownFileType = image.png; path = "ireland@3x.png"; sourceTree = "<group>"; };
		2CD07316279841340000AFA8 /* italy@2x.png */ = {isa = PBXFileReference; lastKnownFileType = image.png; path = "italy@2x.png"; sourceTree = "<group>"; };
		2CD07317279841340000AFA8 /* poland@2x.png */ = {isa = PBXFileReference; lastKnownFileType = image.png; path = "poland@2x.png"; sourceTree = "<group>"; };
		2CD07318279841340000AFA8 /* russia@2x.png */ = {isa = PBXFileReference; lastKnownFileType = image.png; path = "russia@2x.png"; sourceTree = "<group>"; };
		2CD07319279841340000AFA8 /* estonia@2x.png */ = {isa = PBXFileReference; lastKnownFileType = image.png; path = "estonia@2x.png"; sourceTree = "<group>"; };
		2CD0731A279841340000AFA8 /* estonia@3x.png */ = {isa = PBXFileReference; lastKnownFileType = image.png; path = "estonia@3x.png"; sourceTree = "<group>"; };
		2CD0731B279841340000AFA8 /* russia@3x.png */ = {isa = PBXFileReference; lastKnownFileType = image.png; path = "russia@3x.png"; sourceTree = "<group>"; };
		2CD0731C279841340000AFA8 /* poland@3x.png */ = {isa = PBXFileReference; lastKnownFileType = image.png; path = "poland@3x.png"; sourceTree = "<group>"; };
		2CD0731D279841340000AFA8 /* uk@3x.png */ = {isa = PBXFileReference; lastKnownFileType = image.png; path = "uk@3x.png"; sourceTree = "<group>"; };
		2CD0731E279841340000AFA8 /* us@3x.png */ = {isa = PBXFileReference; lastKnownFileType = image.png; path = "us@3x.png"; sourceTree = "<group>"; };
		2CD0731F279841340000AFA8 /* france@3x.png */ = {isa = PBXFileReference; lastKnownFileType = image.png; path = "france@3x.png"; sourceTree = "<group>"; };
		2CD07320279841340000AFA8 /* monaco@2x.png */ = {isa = PBXFileReference; lastKnownFileType = image.png; path = "monaco@2x.png"; sourceTree = "<group>"; };
		2CD07321279841340000AFA8 /* monaco@3x.png */ = {isa = PBXFileReference; lastKnownFileType = image.png; path = "monaco@3x.png"; sourceTree = "<group>"; };
		2CD07322279841340000AFA8 /* france@2x.png */ = {isa = PBXFileReference; lastKnownFileType = image.png; path = "france@2x.png"; sourceTree = "<group>"; };
		2CD07323279841340000AFA8 /* us@2x.png */ = {isa = PBXFileReference; lastKnownFileType = image.png; path = "us@2x.png"; sourceTree = "<group>"; };
		2CD07324279841340000AFA8 /* uk@2x.png */ = {isa = PBXFileReference; lastKnownFileType = image.png; path = "uk@2x.png"; sourceTree = "<group>"; };
		2CD0733D279841CB0000AFA8 /* ViewController.swift */ = {isa = PBXFileReference; lastKnownFileType = sourcecode.swift; path = ViewController.swift; sourceTree = "<group>"; };
		2CD0733F279842B10000AFA8 /* DetailViewController.swift */ = {isa = PBXFileReference; lastKnownFileType = sourcecode.swift; path = DetailViewController.swift; sourceTree = "<group>"; };
/* End PBXFileReference section */

/* Begin PBXFrameworksBuildPhase section */
		2CD072F22798407B0000AFA8 /* Frameworks */ = {
			isa = PBXFrameworksBuildPhase;
			buildActionMask = 2147483647;
			files = (
			);
			runOnlyForDeploymentPostprocessing = 0;
		};
/* End PBXFrameworksBuildPhase section */

/* Begin PBXGroup section */
		2CD072EC2798407B0000AFA8 = {
			isa = PBXGroup;
			children = (
				2CD072F72798407B0000AFA8 /* CountriesAndFlags */,
				2CD072F62798407B0000AFA8 /* Products */,
			);
			sourceTree = "<group>";
		};
		2CD072F62798407B0000AFA8 /* Products */ = {
			isa = PBXGroup;
			children = (
				2CD072F52798407B0000AFA8 /* CountriesAndFlags.app */,
			);
			name = Products;
			sourceTree = "<group>";
		};
		2CD072F72798407B0000AFA8 /* CountriesAndFlags */ = {
			isa = PBXGroup;
			children = (
				2CD0733D279841CB0000AFA8 /* ViewController.swift */,
				2CD0733F279842B10000AFA8 /* DetailViewController.swift */,
				2CD072F82798407B0000AFA8 /* AppDelegate.swift */,
				2CD072FA2798407B0000AFA8 /* SceneDelegate.swift */,
				2CD072FE2798407B0000AFA8 /* Main.storyboard */,
				2CD073012798407C0000AFA8 /* Assets.xcassets */,
				2CD073032798407C0000AFA8 /* LaunchScreen.storyboard */,
				2CD073062798407C0000AFA8 /* Info.plist */,
				2CD0730C279841340000AFA8 /* project2-files */,
			);
			path = CountriesAndFlags;
			sourceTree = "<group>";
		};
		2CD0730C279841340000AFA8 /* project2-files */ = {
			isa = PBXGroup;
			children = (
				2CD0730D279841340000AFA8 /* spain@2x.png */,
				2CD0730E279841340000AFA8 /* nigeria@2x.png */,
				2CD0730F279841340000AFA8 /* nigeria@3x.png */,
				2CD07310279841340000AFA8 /* spain@3x.png */,
				2CD07311279841340000AFA8 /* italy@3x.png */,
				2CD07312279841340000AFA8 /* ireland@2x.png */,
				2CD07313279841340000AFA8 /* germany@3x.png */,
				2CD07314279841340000AFA8 /* germany@2x.png */,
				2CD07315279841340000AFA8 /* ireland@3x.png */,
				2CD07316279841340000AFA8 /* italy@2x.png */,
				2CD07317279841340000AFA8 /* poland@2x.png */,
				2CD07318279841340000AFA8 /* russia@2x.png */,
				2CD07319279841340000AFA8 /* estonia@2x.png */,
				2CD0731A279841340000AFA8 /* estonia@3x.png */,
				2CD0731B279841340000AFA8 /* russia@3x.png */,
				2CD0731C279841340000AFA8 /* poland@3x.png */,
				2CD0731D279841340000AFA8 /* uk@3x.png */,
				2CD0731E279841340000AFA8 /* us@3x.png */,
				2CD0731F279841340000AFA8 /* france@3x.png */,
				2CD07320279841340000AFA8 /* monaco@2x.png */,
				2CD07321279841340000AFA8 /* monaco@3x.png */,
				2CD07322279841340000AFA8 /* france@2x.png */,
				2CD07323279841340000AFA8 /* us@2x.png */,
				2CD07324279841340000AFA8 /* uk@2x.png */,
			);
			path = "project2-files";
			sourceTree = "<group>";
		};
/* End PBXGroup section */

/* Begin PBXNativeTarget section */
		2CD072F42798407B0000AFA8 /* CountriesAndFlags */ = {
			isa = PBXNativeTarget;
			buildConfigurationList = 2CD073092798407C0000AFA8 /* Build configuration list for PBXNativeTarget "CountriesAndFlags" */;
			buildPhases = (
				2CD072F12798407B0000AFA8 /* Sources */,
				2CD072F22798407B0000AFA8 /* Frameworks */,
				2CD072F32798407B0000AFA8 /* Resources */,
			);
			buildRules = (
			);
			dependencies = (
			);
			name = CountriesAndFlags;
			productName = CountriesAndFlags;
			productReference = 2CD072F52798407B0000AFA8 /* CountriesAndFlags.app */;
			productType = "com.apple.product-type.application";
		};
/* End PBXNativeTarget section */

/* Begin PBXProject section */
		2CD072ED2798407B0000AFA8 /* Project object */ = {
			isa = PBXProject;
			attributes = {
				BuildIndependentTargetsInParallel = 1;
				LastSwiftUpdateCheck = 1320;
				LastUpgradeCheck = 1320;
				TargetAttributes = {
					2CD072F42798407B0000AFA8 = {
						CreatedOnToolsVersion = 13.2.1;
					};
				};
			};
			buildConfigurationList = 2CD072F02798407B0000AFA8 /* Build configuration list for PBXProject "CountriesAndFlags" */;
			compatibilityVersion = "Xcode 13.0";
			developmentRegion = en;
			hasScannedForEncodings = 0;
			knownRegions = (
				en,
				Base,
			);
			mainGroup = 2CD072EC2798407B0000AFA8;
			productRefGroup = 2CD072F62798407B0000AFA8 /* Products */;
			projectDirPath = "";
			projectRoot = "";
			targets = (
				2CD072F42798407B0000AFA8 /* CountriesAndFlags */,
			);
		};
/* End PBXProject section */

/* Begin PBXResourcesBuildPhase section */
		2CD072F32798407B0000AFA8 /* Resources */ = {
			isa = PBXResourcesBuildPhase;
			buildActionMask = 2147483647;
			files = (
				2CD07339279841340000AFA8 /* monaco@3x.png in Resources */,
				2CD07326279841340000AFA8 /* nigeria@2x.png in Resources */,
				2CD0733B279841340000AFA8 /* us@2x.png in Resources */,
				2CD07327279841340000AFA8 /* nigeria@3x.png in Resources */,
				2CD07334279841340000AFA8 /* poland@3x.png in Resources */,
				2CD07335279841340000AFA8 /* uk@3x.png in Resources */,
				2CD0733A279841340000AFA8 /* france@2x.png in Resources */,
				2CD0732E279841340000AFA8 /* italy@2x.png in Resources */,
				2CD07325279841340000AFA8 /* spain@2x.png in Resources */,
				2CD0732B279841340000AFA8 /* germany@3x.png in Resources */,
				2CD073052798407C0000AFA8 /* LaunchScreen.storyboard in Resources */,
				2CD0732F279841340000AFA8 /* poland@2x.png in Resources */,
				2CD073022798407C0000AFA8 /* Assets.xcassets in Resources */,
				2CD07329279841340000AFA8 /* italy@3x.png in Resources */,
				2CD07332279841340000AFA8 /* estonia@3x.png in Resources */,
				2CD07338279841340000AFA8 /* monaco@2x.png in Resources */,
				2CD073002798407B0000AFA8 /* Main.storyboard in Resources */,
				2CD0732A279841340000AFA8 /* ireland@2x.png in Resources */,
				2CD0732C279841340000AFA8 /* germany@2x.png in Resources */,
				2CD07336279841340000AFA8 /* us@3x.png in Resources */,
				2CD07328279841340000AFA8 /* spain@3x.png in Resources */,
				2CD07330279841340000AFA8 /* russia@2x.png in Resources */,
				2CD07331279841340000AFA8 /* estonia@2x.png in Resources */,
				2CD07333279841340000AFA8 /* russia@3x.png in Resources */,
				2CD0733C279841340000AFA8 /* uk@2x.png in Resources */,
				2CD07337279841340000AFA8 /* france@3x.png in Resources */,
				2CD0732D279841340000AFA8 /* ireland@3x.png in Resources */,
			);
			runOnlyForDeploymentPostprocessing = 0;
		};
/* End PBXResourcesBuildPhase section */

/* Begin PBXSourcesBuildPhase section */
		2CD072F12798407B0000AFA8 /* Sources */ = {
			isa = PBXSourcesBuildPhase;
			buildActionMask = 2147483647;
			files = (
				2CD0733E279841CB0000AFA8 /* ViewController.swift in Sources */,
				2CD072F92798407B0000AFA8 /* AppDelegate.swift in Sources */,
				2CD072FB2798407B0000AFA8 /* SceneDelegate.swift in Sources */,
				2CD07340279842B10000AFA8 /* DetailViewController.swift in Sources */,
			);
			runOnlyForDeploymentPostprocessing = 0;
		};
/* End PBXSourcesBuildPhase section */

/* Begin PBXVariantGroup section */
		2CD072FE2798407B0000AFA8 /* Main.storyboard */ = {
			isa = PBXVariantGroup;
			children = (
				2CD072FF2798407B0000AFA8 /* Base */,
			);
			name = Main.storyboard;
			sourceTree = "<group>";
		};
		2CD073032798407C0000AFA8 /* LaunchScreen.storyboard */ = {
			isa = PBXVariantGroup;
			children = (
				2CD073042798407C0000AFA8 /* Base */,
			);
			name = LaunchScreen.storyboard;
			sourceTree = "<group>";
		};
/* End PBXVariantGroup section */

/* Begin XCBuildConfiguration section */
		2CD073072798407C0000AFA8 /* Debug */ = {
			isa = XCBuildConfiguration;
			buildSettings = {
				ALWAYS_SEARCH_USER_PATHS = NO;
				CLANG_ANALYZER_NONNULL = YES;
				CLANG_ANALYZER_NUMBER_OBJECT_CONVERSION = YES_AGGRESSIVE;
				CLANG_CXX_LANGUAGE_STANDARD = "gnu++17";
				CLANG_CXX_LIBRARY = "libc++";
				CLANG_ENABLE_MODULES = YES;
				CLANG_ENABLE_OBJC_ARC = YES;
				CLANG_ENABLE_OBJC_WEAK = YES;
				CLANG_WARN_BLOCK_CAPTURE_AUTORELEASING = YES;
				CLANG_WARN_BOOL_CONVERSION = YES;
				CLANG_WARN_COMMA = YES;
				CLANG_WARN_CONSTANT_CONVERSION = YES;
				CLANG_WARN_DEPRECATED_OBJC_IMPLEMENTATIONS = YES;
				CLANG_WARN_DIRECT_OBJC_ISA_USAGE = YES_ERROR;
				CLANG_WARN_DOCUMENTATION_COMMENTS = YES;
				CLANG_WARN_EMPTY_BODY = YES;
				CLANG_WARN_ENUM_CONVERSION = YES;
				CLANG_WARN_INFINITE_RECURSION = YES;
				CLANG_WARN_INT_CONVERSION = YES;
				CLANG_WARN_NON_LITERAL_NULL_CONVERSION = YES;
				CLANG_WARN_OBJC_IMPLICIT_RETAIN_SELF = YES;
				CLANG_WARN_OBJC_LITERAL_CONVERSION = YES;
				CLANG_WARN_OBJC_ROOT_CLASS = YES_ERROR;
				CLANG_WARN_QUOTED_INCLUDE_IN_FRAMEWORK_HEADER = YES;
				CLANG_WARN_RANGE_LOOP_ANALYSIS = YES;
				CLANG_WARN_STRICT_PROTOTYPES = YES;
				CLANG_WARN_SUSPICIOUS_MOVE = YES;
				CLANG_WARN_UNGUARDED_AVAILABILITY = YES_AGGRESSIVE;
				CLANG_WARN_UNREACHABLE_CODE = YES;
				CLANG_WARN__DUPLICATE_METHOD_MATCH = YES;
				COPY_PHASE_STRIP = NO;
				DEBUG_INFORMATION_FORMAT = dwarf;
				ENABLE_STRICT_OBJC_MSGSEND = YES;
				ENABLE_TESTABILITY = YES;
				GCC_C_LANGUAGE_STANDARD = gnu11;
				GCC_DYNAMIC_NO_PIC = NO;
				GCC_NO_COMMON_BLOCKS = YES;
				GCC_OPTIMIZATION_LEVEL = 0;
				GCC_PREPROCESSOR_DEFINITIONS = (
					"DEBUG=1",
					"$(inherited)",
				);
				GCC_WARN_64_TO_32_BIT_CONVERSION = YES;
				GCC_WARN_ABOUT_RETURN_TYPE = YES_ERROR;
				GCC_WARN_UNDECLARED_SELECTOR = YES;
				GCC_WARN_UNINITIALIZED_AUTOS = YES_AGGRESSIVE;
				GCC_WARN_UNUSED_FUNCTION = YES;
				GCC_WARN_UNUSED_VARIABLE = YES;
				IPHONEOS_DEPLOYMENT_TARGET = 15.2;
				MTL_ENABLE_DEBUG_INFO = INCLUDE_SOURCE;
				MTL_FAST_MATH = YES;
				ONLY_ACTIVE_ARCH = YES;
				SDKROOT = iphoneos;
				SWIFT_ACTIVE_COMPILATION_CONDITIONS = DEBUG;
				SWIFT_OPTIMIZATION_LEVEL = "-Onone";
			};
			name = Debug;
		};
		2CD073082798407C0000AFA8 /* Release */ = {
			isa = XCBuildConfiguration;
			buildSettings = {
				ALWAYS_SEARCH_USER_PATHS = NO;
				CLANG_ANALYZER_NONNULL = YES;
				CLANG_ANALYZER_NUMBER_OBJECT_CONVERSION = YES_AGGRESSIVE;
				CLANG_CXX_LANGUAGE_STANDARD = "gnu++17";
				CLANG_CXX_LIBRARY = "libc++";
				CLANG_ENABLE_MODULES = YES;
				CLANG_ENABLE_OBJC_ARC = YES;
				CLANG_ENABLE_OBJC_WEAK = YES;
				CLANG_WARN_BLOCK_CAPTURE_AUTORELEASING = YES;
				CLANG_WARN_BOOL_CONVERSION = YES;
				CLANG_WARN_COMMA = YES;
				CLANG_WARN_CONSTANT_CONVERSION = YES;
				CLANG_WARN_DEPRECATED_OBJC_IMPLEMENTATIONS = YES;
				CLANG_WARN_DIRECT_OBJC_ISA_USAGE = YES_ERROR;
				CLANG_WARN_DOCUMENTATION_COMMENTS = YES;
				CLANG_WARN_EMPTY_BODY = YES;
				CLANG_WARN_ENUM_CONVERSION = YES;
				CLANG_WARN_INFINITE_RECURSION = YES;
				CLANG_WARN_INT_CONVERSION = YES;
				CLANG_WARN_NON_LITERAL_NULL_CONVERSION = YES;
				CLANG_WARN_OBJC_IMPLICIT_RETAIN_SELF = YES;
				CLANG_WARN_OBJC_LITERAL_CONVERSION = YES;
				CLANG_WARN_OBJC_ROOT_CLASS = YES_ERROR;
				CLANG_WARN_QUOTED_INCLUDE_IN_FRAMEWORK_HEADER = YES;
				CLANG_WARN_RANGE_LOOP_ANALYSIS = YES;
				CLANG_WARN_STRICT_PROTOTYPES = YES;
				CLANG_WARN_SUSPICIOUS_MOVE = YES;
				CLANG_WARN_UNGUARDED_AVAILABILITY = YES_AGGRESSIVE;
				CLANG_WARN_UNREACHABLE_CODE = YES;
				CLANG_WARN__DUPLICATE_METHOD_MATCH = YES;
				COPY_PHASE_STRIP = NO;
				DEBUG_INFORMATION_FORMAT = "dwarf-with-dsym";
				ENABLE_NS_ASSERTIONS = NO;
				ENABLE_STRICT_OBJC_MSGSEND = YES;
				GCC_C_LANGUAGE_STANDARD = gnu11;
				GCC_NO_COMMON_BLOCKS = YES;
				GCC_WARN_64_TO_32_BIT_CONVERSION = YES;
				GCC_WARN_ABOUT_RETURN_TYPE = YES_ERROR;
				GCC_WARN_UNDECLARED_SELECTOR = YES;
				GCC_WARN_UNINITIALIZED_AUTOS = YES_AGGRESSIVE;
				GCC_WARN_UNUSED_FUNCTION = YES;
				GCC_WARN_UNUSED_VARIABLE = YES;
				IPHONEOS_DEPLOYMENT_TARGET = 15.2;
				MTL_ENABLE_DEBUG_INFO = NO;
				MTL_FAST_MATH = YES;
				SDKROOT = iphoneos;
				SWIFT_COMPILATION_MODE = wholemodule;
				SWIFT_OPTIMIZATION_LEVEL = "-O";
				VALIDATE_PRODUCT = YES;
			};
			name = Release;
		};
		2CD0730A2798407C0000AFA8 /* Debug */ = {
			isa = XCBuildConfiguration;
			buildSettings = {
				ASSETCATALOG_COMPILER_APPICON_NAME = AppIcon;
				ASSETCATALOG_COMPILER_GLOBAL_ACCENT_COLOR_NAME = AccentColor;
				CODE_SIGN_STYLE = Automatic;
				CURRENT_PROJECT_VERSION = 1;
				DEVELOPMENT_TEAM = K44PL886SA;
				GENERATE_INFOPLIST_FILE = YES;
				INFOPLIST_FILE = CountriesAndFlags/Info.plist;
				INFOPLIST_KEY_UIApplicationSupportsIndirectInputEvents = YES;
				INFOPLIST_KEY_UILaunchStoryboardName = LaunchScreen;
				INFOPLIST_KEY_UIMainStoryboardFile = Main;
				INFOPLIST_KEY_UISupportedInterfaceOrientations_iPad = "UIInterfaceOrientationPortrait UIInterfaceOrientationPortraitUpsideDown UIInterfaceOrientationLandscapeLeft UIInterfaceOrientationLandscapeRight";
				INFOPLIST_KEY_UISupportedInterfaceOrientations_iPhone = "UIInterfaceOrientationPortrait UIInterfaceOrientationLandscapeLeft UIInterfaceOrientationLandscapeRight";
				LD_RUNPATH_SEARCH_PATHS = (
					"$(inherited)",
					"@executable_path/Frameworks",
				);
				MARKETING_VERSION = 1.0;
				PRODUCT_BUNDLE_IDENTIFIER = philalex.CountriesAndFlags;
				PRODUCT_NAME = "$(TARGET_NAME)";
				SWIFT_EMIT_LOC_STRINGS = YES;
				SWIFT_VERSION = 5.0;
				TARGETED_DEVICE_FAMILY = "1,2";
			};
			name = Debug;
		};
		2CD0730B2798407C0000AFA8 /* Release */ = {
			isa = XCBuildConfiguration;
			buildSettings = {
				ASSETCATALOG_COMPILER_APPICON_NAME = AppIcon;
				ASSETCATALOG_COMPILER_GLOBAL_ACCENT_COLOR_NAME = AccentColor;
				CODE_SIGN_STYLE = Automatic;
				CURRENT_PROJECT_VERSION = 1;
				DEVELOPMENT_TEAM = K44PL886SA;
				GENERATE_INFOPLIST_FILE = YES;
				INFOPLIST_FILE = CountriesAndFlags/Info.plist;
				INFOPLIST_KEY_UIApplicationSupportsIndirectInputEvents = YES;
				INFOPLIST_KEY_UILaunchStoryboardName = LaunchScreen;
				INFOPLIST_KEY_UIMainStoryboardFile = Main;
				INFOPLIST_KEY_UISupportedInterfaceOrientations_iPad = "UIInterfaceOrientationPortrait UIInterfaceOrientationPortraitUpsideDown UIInterfaceOrientationLandscapeLeft UIInterfaceOrientationLandscapeRight";
				INFOPLIST_KEY_UISupportedInterfaceOrientations_iPhone = "UIInterfaceOrientationPortrait UIInterfaceOrientationLandscapeLeft UIInterfaceOrientationLandscapeRight";
				LD_RUNPATH_SEARCH_PATHS = (
					"$(inherited)",
					"@executable_path/Frameworks",
				);
				MARKETING_VERSION = 1.0;
				PRODUCT_BUNDLE_IDENTIFIER = philalex.CountriesAndFlags;
				PRODUCT_NAME = "$(TARGET_NAME)";
				SWIFT_EMIT_LOC_STRINGS = YES;
				SWIFT_VERSION = 5.0;
				TARGETED_DEVICE_FAMILY = "1,2";
			};
			name = Release;
		};
/* End XCBuildConfiguration section */

/* Begin XCConfigurationList section */
		2CD072F02798407B0000AFA8 /* Build configuration list for PBXProject "CountriesAndFlags" */ = {
			isa = XCConfigurationList;
			buildConfigurations = (
				2CD073072798407C0000AFA8 /* Debug */,
				2CD073082798407C0000AFA8 /* Release */,
			);
			defaultConfigurationIsVisible = 0;
			defaultConfigurationName = Release;
		};
		2CD073092798407C0000AFA8 /* Build configuration list for PBXNativeTarget "CountriesAndFlags" */ = {
			isa = XCConfigurationList;
			buildConfigurations = (
				2CD0730A2798407C0000AFA8 /* Debug */,
				2CD0730B2798407C0000AFA8 /* Release */,
			);
			defaultConfigurationIsVisible = 0;
			defaultConfigurationName = Release;
		};
/* End XCConfigurationList section */
	};
	rootObject = 2CD072ED2798407B0000AFA8 /* Project object */;
}
