// !$*UTF8*$!
{
	archiveVersion = 1;
	classes = {
	};
	objectVersion = 55;
	objects = {

/* Begin PBXBuildFile section */
		2C5E180D27B50C9C000ED6BA /* FireParticles.sks in Resources */ = {isa = PBXBuildFile; fileRef = 2C5E180C27B50C9C000ED6BA /* FireParticles.sks */; };
		2C5E180F27B51176000ED6BA /* MyParticle.sks in Resources */ = {isa = PBXBuildFile; fileRef = 2C5E180E27B51176000ED6BA /* MyParticle.sks */; };
		2C5E181827B51FB6000ED6BA /* ballRed@2x.png in Resources */ = {isa = PBXBuildFile; fileRef = 2C5E181127B51FB6000ED6BA /* ballRed@2x.png */; };
		2C5E181927B51FB6000ED6BA /* ballYellow@2x.png in Resources */ = {isa = PBXBuildFile; fileRef = 2C5E181227B51FB6000ED6BA /* ballYellow@2x.png */; };
		2C5E181A27B51FB6000ED6BA /* ballBlue@2x.png in Resources */ = {isa = PBXBuildFile; fileRef = 2C5E181327B51FB6000ED6BA /* ballBlue@2x.png */; };
		2C5E181B27B51FB6000ED6BA /* ballGrey@2x.png in Resources */ = {isa = PBXBuildFile; fileRef = 2C5E181427B51FB6000ED6BA /* ballGrey@2x.png */; };
		2C5E181C27B51FB6000ED6BA /* ballPurple@2x.png in Resources */ = {isa = PBXBuildFile; fileRef = 2C5E181527B51FB6000ED6BA /* ballPurple@2x.png */; };
		2C5E181D27B51FB6000ED6BA /* ballGreen@2x.png in Resources */ = {isa = PBXBuildFile; fileRef = 2C5E181627B51FB6000ED6BA /* ballGreen@2x.png */; };
		2C5E181E27B51FB6000ED6BA /* ballCyan@2x.png in Resources */ = {isa = PBXBuildFile; fileRef = 2C5E181727B51FB6000ED6BA /* ballCyan@2x.png */; };
		2C7FCE0627B2BCEA002B974A /* AppDelegate.swift in Sources */ = {isa = PBXBuildFile; fileRef = 2C7FCE0527B2BCEA002B974A /* AppDelegate.swift */; };
		2C7FCE0827B2BCEA002B974A /* GameScene.sks in Resources */ = {isa = PBXBuildFile; fileRef = 2C7FCE0727B2BCEA002B974A /* GameScene.sks */; };
		2C7FCE0C27B2BCEA002B974A /* GameScene.swift in Sources */ = {isa = PBXBuildFile; fileRef = 2C7FCE0B27B2BCEA002B974A /* GameScene.swift */; };
		2C7FCE0E27B2BCEA002B974A /* GameViewController.swift in Sources */ = {isa = PBXBuildFile; fileRef = 2C7FCE0D27B2BCEA002B974A /* GameViewController.swift */; };
		2C7FCE1127B2BCEA002B974A /* Main.storyboard in Resources */ = {isa = PBXBuildFile; fileRef = 2C7FCE0F27B2BCEA002B974A /* Main.storyboard */; };
		2C7FCE1327B2BCEA002B974A /* Assets.xcassets in Resources */ = {isa = PBXBuildFile; fileRef = 2C7FCE1227B2BCEA002B974A /* Assets.xcassets */; };
		2C7FCE1627B2BCEA002B974A /* LaunchScreen.storyboard in Resources */ = {isa = PBXBuildFile; fileRef = 2C7FCE1427B2BCEA002B974A /* LaunchScreen.storyboard */; };
/* End PBXBuildFile section */

/* Begin PBXFileReference section */
		2C5E180C27B50C9C000ED6BA /* FireParticles.sks */ = {isa = PBXFileReference; lastKnownFileType = file.sks; path = FireParticles.sks; sourceTree = "<group>"; };
		2C5E180E27B51176000ED6BA /* MyParticle.sks */ = {isa = PBXFileReference; lastKnownFileType = file.sks; path = MyParticle.sks; sourceTree = "<group>"; };
		2C5E181127B51FB6000ED6BA /* ballRed@2x.png */ = {isa = PBXFileReference; lastKnownFileType = image.png; path = "ballRed@2x.png"; sourceTree = "<group>"; };
		2C5E181227B51FB6000ED6BA /* ballYellow@2x.png */ = {isa = PBXFileReference; lastKnownFileType = image.png; path = "ballYellow@2x.png"; sourceTree = "<group>"; };
		2C5E181327B51FB6000ED6BA /* ballBlue@2x.png */ = {isa = PBXFileReference; lastKnownFileType = image.png; path = "ballBlue@2x.png"; sourceTree = "<group>"; };
		2C5E181427B51FB6000ED6BA /* ballGrey@2x.png */ = {isa = PBXFileReference; lastKnownFileType = image.png; path = "ballGrey@2x.png"; sourceTree = "<group>"; };
		2C5E181527B51FB6000ED6BA /* ballPurple@2x.png */ = {isa = PBXFileReference; lastKnownFileType = image.png; path = "ballPurple@2x.png"; sourceTree = "<group>"; };
		2C5E181627B51FB6000ED6BA /* ballGreen@2x.png */ = {isa = PBXFileReference; lastKnownFileType = image.png; path = "ballGreen@2x.png"; sourceTree = "<group>"; };
		2C5E181727B51FB6000ED6BA /* ballCyan@2x.png */ = {isa = PBXFileReference; lastKnownFileType = image.png; path = "ballCyan@2x.png"; sourceTree = "<group>"; };
		2C7FCE0227B2BCEA002B974A /* Pachinko.app */ = {isa = PBXFileReference; explicitFileType = wrapper.application; includeInIndex = 0; path = Pachinko.app; sourceTree = BUILT_PRODUCTS_DIR; };
		2C7FCE0527B2BCEA002B974A /* AppDelegate.swift */ = {isa = PBXFileReference; lastKnownFileType = sourcecode.swift; path = AppDelegate.swift; sourceTree = "<group>"; };
		2C7FCE0727B2BCEA002B974A /* GameScene.sks */ = {isa = PBXFileReference; lastKnownFileType = file.sks; path = GameScene.sks; sourceTree = "<group>"; };
		2C7FCE0B27B2BCEA002B974A /* GameScene.swift */ = {isa = PBXFileReference; lastKnownFileType = sourcecode.swift; path = GameScene.swift; sourceTree = "<group>"; };
		2C7FCE0D27B2BCEA002B974A /* GameViewController.swift */ = {isa = PBXFileReference; lastKnownFileType = sourcecode.swift; path = GameViewController.swift; sourceTree = "<group>"; };
		2C7FCE1027B2BCEA002B974A /* Base */ = {isa = PBXFileReference; lastKnownFileType = file.storyboard; name = Base; path = Base.lproj/Main.storyboard; sourceTree = "<group>"; };
		2C7FCE1227B2BCEA002B974A /* Assets.xcassets */ = {isa = PBXFileReference; lastKnownFileType = folder.assetcatalog; path = Assets.xcassets; sourceTree = "<group>"; };
		2C7FCE1527B2BCEA002B974A /* Base */ = {isa = PBXFileReference; lastKnownFileType = file.storyboard; name = Base; path = Base.lproj/LaunchScreen.storyboard; sourceTree = "<group>"; };
/* End PBXFileReference section */

/* Begin PBXFrameworksBuildPhase section */
		2C7FCDFF27B2BCEA002B974A /* Frameworks */ = {
			isa = PBXFrameworksBuildPhase;
			buildActionMask = 2147483647;
			files = (
			);
			runOnlyForDeploymentPostprocessing = 0;
		};
/* End PBXFrameworksBuildPhase section */

/* Begin PBXGroup section */
		2C5E181027B51F61000ED6BA /* Balls */ = {
			isa = PBXGroup;
			children = (
				2C5E181327B51FB6000ED6BA /* ballBlue@2x.png */,
				2C5E181727B51FB6000ED6BA /* ballCyan@2x.png */,
				2C5E181627B51FB6000ED6BA /* ballGreen@2x.png */,
				2C5E181427B51FB6000ED6BA /* ballGrey@2x.png */,
				2C5E181527B51FB6000ED6BA /* ballPurple@2x.png */,
				2C5E181127B51FB6000ED6BA /* ballRed@2x.png */,
				2C5E181227B51FB6000ED6BA /* ballYellow@2x.png */,
			);
			path = Balls;
			sourceTree = "<group>";
		};
		2C7FCDF927B2BCEA002B974A = {
			isa = PBXGroup;
			children = (
				2C7FCE0427B2BCEA002B974A /* Pachinko */,
				2C7FCE0327B2BCEA002B974A /* Products */,
			);
			sourceTree = "<group>";
		};
		2C7FCE0327B2BCEA002B974A /* Products */ = {
			isa = PBXGroup;
			children = (
				2C7FCE0227B2BCEA002B974A /* Pachinko.app */,
			);
			name = Products;
			sourceTree = "<group>";
		};
		2C7FCE0427B2BCEA002B974A /* Pachinko */ = {
			isa = PBXGroup;
			children = (
				2C7FCE0527B2BCEA002B974A /* AppDelegate.swift */,
				2C7FCE0727B2BCEA002B974A /* GameScene.sks */,
				2C7FCE0B27B2BCEA002B974A /* GameScene.swift */,
				2C7FCE0D27B2BCEA002B974A /* GameViewController.swift */,
				2C7FCE0F27B2BCEA002B974A /* Main.storyboard */,
				2C7FCE1227B2BCEA002B974A /* Assets.xcassets */,
				2C7FCE1427B2BCEA002B974A /* LaunchScreen.storyboard */,
				2C5E180C27B50C9C000ED6BA /* FireParticles.sks */,
				2C5E180E27B51176000ED6BA /* MyParticle.sks */,
				2C5E181027B51F61000ED6BA /* Balls */,
			);
			path = Pachinko;
			sourceTree = "<group>";
		};
/* End PBXGroup section */

/* Begin PBXNativeTarget section */
		2C7FCE0127B2BCEA002B974A /* Pachinko */ = {
			isa = PBXNativeTarget;
			buildConfigurationList = 2C7FCE1927B2BCEA002B974A /* Build configuration list for PBXNativeTarget "Pachinko" */;
			buildPhases = (
				2C7FCDFE27B2BCEA002B974A /* Sources */,
				2C7FCDFF27B2BCEA002B974A /* Frameworks */,
				2C7FCE0027B2BCEA002B974A /* Resources */,
			);
			buildRules = (
			);
			dependencies = (
			);
			name = Pachinko;
			productName = Pachinko;
			productReference = 2C7FCE0227B2BCEA002B974A /* Pachinko.app */;
			productType = "com.apple.product-type.application";
		};
/* End PBXNativeTarget section */

/* Begin PBXProject section */
		2C7FCDFA27B2BCEA002B974A /* Project object */ = {
			isa = PBXProject;
			attributes = {
				BuildIndependentTargetsInParallel = 1;
				LastSwiftUpdateCheck = 1320;
				LastUpgradeCheck = 1320;
				TargetAttributes = {
					2C7FCE0127B2BCEA002B974A = {
						CreatedOnToolsVersion = 13.2.1;
					};
				};
			};
			buildConfigurationList = 2C7FCDFD27B2BCEA002B974A /* Build configuration list for PBXProject "Pachinko" */;
			compatibilityVersion = "Xcode 13.0";
			developmentRegion = en;
			hasScannedForEncodings = 0;
			knownRegions = (
				en,
				Base,
			);
			mainGroup = 2C7FCDF927B2BCEA002B974A;
			productRefGroup = 2C7FCE0327B2BCEA002B974A /* Products */;
			projectDirPath = "";
			projectRoot = "";
			targets = (
				2C7FCE0127B2BCEA002B974A /* Pachinko */,
			);
		};
/* End PBXProject section */

/* Begin PBXResourcesBuildPhase section */
		2C7FCE0027B2BCEA002B974A /* Resources */ = {
			isa = PBXResourcesBuildPhase;
			buildActionMask = 2147483647;
			files = (
				2C5E181B27B51FB6000ED6BA /* ballGrey@2x.png in Resources */,
				2C5E181E27B51FB6000ED6BA /* ballCyan@2x.png in Resources */,
				2C7FCE1127B2BCEA002B974A /* Main.storyboard in Resources */,
				2C5E180F27B51176000ED6BA /* MyParticle.sks in Resources */,
				2C7FCE0827B2BCEA002B974A /* GameScene.sks in Resources */,
				2C5E181C27B51FB6000ED6BA /* ballPurple@2x.png in Resources */,
				2C5E181827B51FB6000ED6BA /* ballRed@2x.png in Resources */,
				2C5E180D27B50C9C000ED6BA /* FireParticles.sks in Resources */,
				2C5E181927B51FB6000ED6BA /* ballYellow@2x.png in Resources */,
				2C7FCE1327B2BCEA002B974A /* Assets.xcassets in Resources */,
				2C5E181D27B51FB6000ED6BA /* ballGreen@2x.png in Resources */,
				2C7FCE1627B2BCEA002B974A /* LaunchScreen.storyboard in Resources */,
				2C5E181A27B51FB6000ED6BA /* ballBlue@2x.png in Resources */,
			);
			runOnlyForDeploymentPostprocessing = 0;
		};
/* End PBXResourcesBuildPhase section */

/* Begin PBXSourcesBuildPhase section */
		2C7FCDFE27B2BCEA002B974A /* Sources */ = {
			isa = PBXSourcesBuildPhase;
			buildActionMask = 2147483647;
			files = (
				2C7FCE0C27B2BCEA002B974A /* GameScene.swift in Sources */,
				2C7FCE0E27B2BCEA002B974A /* GameViewController.swift in Sources */,
				2C7FCE0627B2BCEA002B974A /* AppDelegate.swift in Sources */,
			);
			runOnlyForDeploymentPostprocessing = 0;
		};
/* End PBXSourcesBuildPhase section */

/* Begin PBXVariantGroup section */
		2C7FCE0F27B2BCEA002B974A /* Main.storyboard */ = {
			isa = PBXVariantGroup;
			children = (
				2C7FCE1027B2BCEA002B974A /* Base */,
			);
			name = Main.storyboard;
			sourceTree = "<group>";
		};
		2C7FCE1427B2BCEA002B974A /* LaunchScreen.storyboard */ = {
			isa = PBXVariantGroup;
			children = (
				2C7FCE1527B2BCEA002B974A /* Base */,
			);
			name = LaunchScreen.storyboard;
			sourceTree = "<group>";
		};
/* End PBXVariantGroup section */

/* Begin XCBuildConfiguration section */
		2C7FCE1727B2BCEA002B974A /* Debug */ = {
			isa = XCBuildConfiguration;
			buildSettings = {
				ALWAYS_SEARCH_USER_PATHS = NO;
				CLANG_ANALYZER_NONNULL = YES;
				CLANG_ANALYZER_NUMBER_OBJECT_CONVERSION = YES_AGGRESSIVE;
				CLANG_CXX_LANGUAGE_STANDARD = "gnu++17";
				CLANG_CXX_LIBRARY = "libc++";
				CLANG_ENABLE_MODULES = YES;
				CLANG_ENABLE_OBJC_ARC = YES;
				CLANG_ENABLE_OBJC_WEAK = YES;
				CLANG_WARN_BLOCK_CAPTURE_AUTORELEASING = YES;
				CLANG_WARN_BOOL_CONVERSION = YES;
				CLANG_WARN_COMMA = YES;
				CLANG_WARN_CONSTANT_CONVERSION = YES;
				CLANG_WARN_DEPRECATED_OBJC_IMPLEMENTATIONS = YES;
				CLANG_WARN_DIRECT_OBJC_ISA_USAGE = YES_ERROR;
				CLANG_WARN_DOCUMENTATION_COMMENTS = YES;
				CLANG_WARN_EMPTY_BODY = YES;
				CLANG_WARN_ENUM_CONVERSION = YES;
				CLANG_WARN_INFINITE_RECURSION = YES;
				CLANG_WARN_INT_CONVERSION = YES;
				CLANG_WARN_NON_LITERAL_NULL_CONVERSION = YES;
				CLANG_WARN_OBJC_IMPLICIT_RETAIN_SELF = YES;
				CLANG_WARN_OBJC_LITERAL_CONVERSION = YES;
				CLANG_WARN_OBJC_ROOT_CLASS = YES_ERROR;
				CLANG_WARN_QUOTED_INCLUDE_IN_FRAMEWORK_HEADER = YES;
				CLANG_WARN_RANGE_LOOP_ANALYSIS = YES;
				CLANG_WARN_STRICT_PROTOTYPES = YES;
				CLANG_WARN_SUSPICIOUS_MOVE = YES;
				CLANG_WARN_UNGUARDED_AVAILABILITY = YES_AGGRESSIVE;
				CLANG_WARN_UNREACHABLE_CODE = YES;
				CLANG_WARN__DUPLICATE_METHOD_MATCH = YES;
				COPY_PHASE_STRIP = NO;
				DEBUG_INFORMATION_FORMAT = dwarf;
				ENABLE_STRICT_OBJC_MSGSEND = YES;
				ENABLE_TESTABILITY = YES;
				GCC_C_LANGUAGE_STANDARD = gnu11;
				GCC_DYNAMIC_NO_PIC = NO;
				GCC_NO_COMMON_BLOCKS = YES;
				GCC_OPTIMIZATION_LEVEL = 0;
				GCC_PREPROCESSOR_DEFINITIONS = (
					"DEBUG=1",
					"$(inherited)",
				);
				GCC_WARN_64_TO_32_BIT_CONVERSION = YES;
				GCC_WARN_ABOUT_RETURN_TYPE = YES_ERROR;
				GCC_WARN_UNDECLARED_SELECTOR = YES;
				GCC_WARN_UNINITIALIZED_AUTOS = YES_AGGRESSIVE;
				GCC_WARN_UNUSED_FUNCTION = YES;
				GCC_WARN_UNUSED_VARIABLE = YES;
				IPHONEOS_DEPLOYMENT_TARGET = 15.2;
				MTL_ENABLE_DEBUG_INFO = INCLUDE_SOURCE;
				MTL_FAST_MATH = YES;
				ONLY_ACTIVE_ARCH = YES;
				SDKROOT = iphoneos;
				SWIFT_ACTIVE_COMPILATION_CONDITIONS = DEBUG;
				SWIFT_OPTIMIZATION_LEVEL = "-Onone";
			};
			name = Debug;
		};
		2C7FCE1827B2BCEA002B974A /* Release */ = {
			isa = XCBuildConfiguration;
			buildSettings = {
				ALWAYS_SEARCH_USER_PATHS = NO;
				CLANG_ANALYZER_NONNULL = YES;
				CLANG_ANALYZER_NUMBER_OBJECT_CONVERSION = YES_AGGRESSIVE;
				CLANG_CXX_LANGUAGE_STANDARD = "gnu++17";
				CLANG_CXX_LIBRARY = "libc++";
				CLANG_ENABLE_MODULES = YES;
				CLANG_ENABLE_OBJC_ARC = YES;
				CLANG_ENABLE_OBJC_WEAK = YES;
				CLANG_WARN_BLOCK_CAPTURE_AUTORELEASING = YES;
				CLANG_WARN_BOOL_CONVERSION = YES;
				CLANG_WARN_COMMA = YES;
				CLANG_WARN_CONSTANT_CONVERSION = YES;
				CLANG_WARN_DEPRECATED_OBJC_IMPLEMENTATIONS = YES;
				CLANG_WARN_DIRECT_OBJC_ISA_USAGE = YES_ERROR;
				CLANG_WARN_DOCUMENTATION_COMMENTS = YES;
				CLANG_WARN_EMPTY_BODY = YES;
				CLANG_WARN_ENUM_CONVERSION = YES;
				CLANG_WARN_INFINITE_RECURSION = YES;
				CLANG_WARN_INT_CONVERSION = YES;
				CLANG_WARN_NON_LITERAL_NULL_CONVERSION = YES;
				CLANG_WARN_OBJC_IMPLICIT_RETAIN_SELF = YES;
				CLANG_WARN_OBJC_LITERAL_CONVERSION = YES;
				CLANG_WARN_OBJC_ROOT_CLASS = YES_ERROR;
				CLANG_WARN_QUOTED_INCLUDE_IN_FRAMEWORK_HEADER = YES;
				CLANG_WARN_RANGE_LOOP_ANALYSIS = YES;
				CLANG_WARN_STRICT_PROTOTYPES = YES;
				CLANG_WARN_SUSPICIOUS_MOVE = YES;
				CLANG_WARN_UNGUARDED_AVAILABILITY = YES_AGGRESSIVE;
				CLANG_WARN_UNREACHABLE_CODE = YES;
				CLANG_WARN__DUPLICATE_METHOD_MATCH = YES;
				COPY_PHASE_STRIP = NO;
				DEBUG_INFORMATION_FORMAT = "dwarf-with-dsym";
				ENABLE_NS_ASSERTIONS = NO;
				ENABLE_STRICT_OBJC_MSGSEND = YES;
				GCC_C_LANGUAGE_STANDARD = gnu11;
				GCC_NO_COMMON_BLOCKS = YES;
				GCC_WARN_64_TO_32_BIT_CONVERSION = YES;
				GCC_WARN_ABOUT_RETURN_TYPE = YES_ERROR;
				GCC_WARN_UNDECLARED_SELECTOR = YES;
				GCC_WARN_UNINITIALIZED_AUTOS = YES_AGGRESSIVE;
				GCC_WARN_UNUSED_FUNCTION = YES;
				GCC_WARN_UNUSED_VARIABLE = YES;
				IPHONEOS_DEPLOYMENT_TARGET = 15.2;
				MTL_ENABLE_DEBUG_INFO = NO;
				MTL_FAST_MATH = YES;
				SDKROOT = iphoneos;
				SWIFT_COMPILATION_MODE = wholemodule;
				SWIFT_OPTIMIZATION_LEVEL = "-O";
				VALIDATE_PRODUCT = YES;
			};
			name = Release;
		};
		2C7FCE1A27B2BCEA002B974A /* Debug */ = {
			isa = XCBuildConfiguration;
			buildSettings = {
				ASSETCATALOG_COMPILER_APPICON_NAME = AppIcon;
				ASSETCATALOG_COMPILER_GLOBAL_ACCENT_COLOR_NAME = AccentColor;
				CODE_SIGN_STYLE = Automatic;
				CURRENT_PROJECT_VERSION = 1;
				DEVELOPMENT_TEAM = K44PL886SA;
				GENERATE_INFOPLIST_FILE = YES;
				INFOPLIST_KEY_UIApplicationSupportsIndirectInputEvents = YES;
				INFOPLIST_KEY_UILaunchStoryboardName = LaunchScreen;
				INFOPLIST_KEY_UIMainStoryboardFile = Main;
				INFOPLIST_KEY_UIStatusBarHidden = YES;
				INFOPLIST_KEY_UISupportedInterfaceOrientations_iPad = "UIInterfaceOrientationLandscapeLeft UIInterfaceOrientationLandscapeRight";
				INFOPLIST_KEY_UISupportedInterfaceOrientations_iPhone = "UIInterfaceOrientationPortrait UIInterfaceOrientationLandscapeLeft UIInterfaceOrientationLandscapeRight";
				LD_RUNPATH_SEARCH_PATHS = (
					"$(inherited)",
					"@executable_path/Frameworks",
				);
				MARKETING_VERSION = 1.0;
				PRODUCT_BUNDLE_IDENTIFIER = philalex.Pachinko;
				PRODUCT_NAME = "$(TARGET_NAME)";
				SWIFT_EMIT_LOC_STRINGS = YES;
				SWIFT_VERSION = 5.0;
				TARGETED_DEVICE_FAMILY = 2;
			};
			name = Debug;
		};
		2C7FCE1B27B2BCEA002B974A /* Release */ = {
			isa = XCBuildConfiguration;
			buildSettings = {
				ASSETCATALOG_COMPILER_APPICON_NAME = AppIcon;
				ASSETCATALOG_COMPILER_GLOBAL_ACCENT_COLOR_NAME = AccentColor;
				CODE_SIGN_STYLE = Automatic;
				CURRENT_PROJECT_VERSION = 1;
				DEVELOPMENT_TEAM = K44PL886SA;
				GENERATE_INFOPLIST_FILE = YES;
				INFOPLIST_KEY_UIApplicationSupportsIndirectInputEvents = YES;
				INFOPLIST_KEY_UILaunchStoryboardName = LaunchScreen;
				INFOPLIST_KEY_UIMainStoryboardFile = Main;
				INFOPLIST_KEY_UIStatusBarHidden = YES;
				INFOPLIST_KEY_UISupportedInterfaceOrientations_iPad = "UIInterfaceOrientationLandscapeLeft UIInterfaceOrientationLandscapeRight";
				INFOPLIST_KEY_UISupportedInterfaceOrientations_iPhone = "UIInterfaceOrientationPortrait UIInterfaceOrientationLandscapeLeft UIInterfaceOrientationLandscapeRight";
				LD_RUNPATH_SEARCH_PATHS = (
					"$(inherited)",
					"@executable_path/Frameworks",
				);
				MARKETING_VERSION = 1.0;
				PRODUCT_BUNDLE_IDENTIFIER = philalex.Pachinko;
				PRODUCT_NAME = "$(TARGET_NAME)";
				SWIFT_EMIT_LOC_STRINGS = YES;
				SWIFT_VERSION = 5.0;
				TARGETED_DEVICE_FAMILY = 2;
			};
			name = Release;
		};
/* End XCBuildConfiguration section */

/* Begin XCConfigurationList section */
		2C7FCDFD27B2BCEA002B974A /* Build configuration list for PBXProject "Pachinko" */ = {
			isa = XCConfigurationList;
			buildConfigurations = (
				2C7FCE1727B2BCEA002B974A /* Debug */,
				2C7FCE1827B2BCEA002B974A /* Release */,
			);
			defaultConfigurationIsVisible = 0;
			defaultConfigurationName = Release;
		};
		2C7FCE1927B2BCEA002B974A /* Build configuration list for PBXNativeTarget "Pachinko" */ = {
			isa = XCConfigurationList;
			buildConfigurations = (
				2C7FCE1A27B2BCEA002B974A /* Debug */,
				2C7FCE1B27B2BCEA002B974A /* Release */,
			);
			defaultConfigurationIsVisible = 0;
			defaultConfigurationName = Release;
		};
/* End XCConfigurationList section */
	};
	rootObject = 2C7FCDFA27B2BCEA002B974A /* Project object */;
}
